
Microsoft Visual Studio Solution File, Format Version 12.00
# Visual Studio Version 17
VisualStudioVersion = 17.11.35327.3
MinimumVisualStudioVersion = 10.0.40219.1
Project("{FAE04EC0-301F-11D3-BF4B-00C04F79EFBC}") = "PowerPointHelper", "PowerPointHelper\PowerPointHelper.csproj", "{30C44F8F-7974-4BA1-A677-141C52893883}"
EndProject
Global
	GlobalSection(SolutionConfigurationPlatforms) = preSolution
		Debug|Any CPU = Debug|Any CPU
		Release|Any CPU = Release|Any CPU
	EndGlobalSection
	GlobalSection(ProjectConfigurationPlatforms) = postSolution
		{30C44F8F-7974-4BA1-A677-141C52893883}.Debug|Any CPU.ActiveCfg = Debug|Any CPU
		{30C44F8F-7974-4BA1-A677-141C52893883}.Debug|Any CPU.Build.0 = Debug|Any CPU
		{30C44F8F-7974-4BA1-A677-141C52893883}.Release|Any CPU.ActiveCfg = Release|Any CPU
		{30C44F8F-7974-4BA1-A677-141C52893883}.Release|Any CPU.Build.0 = Release|Any CPU
	EndGlobalSection
	GlobalSection(SolutionProperties) = preSolution
		HideSolutionNode = FALSE
	EndGlobalSection
	GlobalSection(ExtensibilityGlobals) = postSolution
		SolutionGuid = {F4341C1F-61D6-431F-901B-1E1B5A9FC5FC}
	EndGlobalSection
EndGlobal
